
Microsoft Visual Studio Solution File, Format Version 12.00
# Visual Studio Version 17
VisualStudioVersion = 17.3.32825.248
MinimumVisualStudioVersion = 10.0.40219.1
Project("{FAE04EC0-301F-11D3-BF4B-00C04F79EFBC}") = "CsvParsing.Web", "CsvParsing.Web\CsvParsing.Web.csproj", "{9E4CE8B4-B6F9-4F77-8461-B77D78D284E7}"
	ProjectSection(ProjectDependencies) = postProject
		{F664F834-2CB7-4B00-A00C-78A837101FFD} = {F664F834-2CB7-4B00-A00C-78A837101FFD}
	EndProjectSection
EndProject
Project("{FAE04EC0-301F-11D3-BF4B-00C04F79EFBC}") = "CsvParsing.Data", "CsvParsing.Data\CsvParsing.Data.csproj", "{F664F834-2CB7-4B00-A00C-78A837101FFD}"
EndProject
Global
	GlobalSection(SolutionConfigurationPlatforms) = preSolution
		Debug|Any CPU = Debug|Any CPU
		Release|Any CPU = Release|Any CPU
	EndGlobalSection
	GlobalSection(ProjectConfigurationPlatforms) = postSolution
		{9E4CE8B4-B6F9-4F77-8461-B77D78D284E7}.Debug|Any CPU.ActiveCfg = Debug|Any CPU
		{9E4CE8B4-B6F9-4F77-8461-B77D78D284E7}.Debug|Any CPU.Build.0 = Debug|Any CPU
		{9E4CE8B4-B6F9-4F77-8461-B77D78D284E7}.Release|Any CPU.ActiveCfg = Release|Any CPU
		{9E4CE8B4-B6F9-4F77-8461-B77D78D284E7}.Release|Any CPU.Build.0 = Release|Any CPU
		{F664F834-2CB7-4B00-A00C-78A837101FFD}.Debug|Any CPU.ActiveCfg = Debug|Any CPU
		{F664F834-2CB7-4B00-A00C-78A837101FFD}.Debug|Any CPU.Build.0 = Debug|Any CPU
		{F664F834-2CB7-4B00-A00C-78A837101FFD}.Release|Any CPU.ActiveCfg = Release|Any CPU
		{F664F834-2CB7-4B00-A00C-78A837101FFD}.Release|Any CPU.Build.0 = Release|Any CPU
	EndGlobalSection
	GlobalSection(SolutionProperties) = preSolution
		HideSolutionNode = FALSE
	EndGlobalSection
	GlobalSection(ExtensibilityGlobals) = postSolution
		SolutionGuid = {5DB52A9B-828B-4F07-BA2C-E395E4A234F0}
	EndGlobalSection
EndGlobal
